
Microsoft Visual Studio Solution File, Format Version 12.00
# Visual Studio Version 17
VisualStudioVersion = 17.2.32526.322
MinimumVisualStudioVersion = 10.0.40219.1
Project("{9A19103F-16F7-4668-BE54-9A1E7A4F7556}") = "CourseOO", "CourseOO\CourseOO.csproj", "{D3F7A3AC-2440-415D-8B85-27FAC9ABCFF9}"
EndProject
Project("{9A19103F-16F7-4668-BE54-9A1E7A4F7556}") = "ExercicioMembrosEstaticos", "ExercicioMembrosEstaticos\ExercicioMembrosEstaticos.csproj", "{F372E9C8-D03F-4DEB-B722-A03AADD989A9}"
EndProject
Project("{9A19103F-16F7-4668-BE54-9A1E7A4F7556}") = "ExContaBancaria", "ExContaBancaria\ExContaBancaria.csproj", "{9824B74E-CED1-4A9E-8E8E-C90EA8D76385}"
EndProject
Project("{9A19103F-16F7-4668-BE54-9A1E7A4F7556}") = "ExercicioPensao", "ExercicioPensao\ExercicioPensao.csproj", "{78BE8D1F-1EE4-4DBB-9F4C-1C5B66D49989}"
EndProject
Project("{9A19103F-16F7-4668-BE54-9A1E7A4F7556}") = "ExercicioFuncionarioLista", "ExercicioFuncionarioLista\ExercicioFuncionarioLista.csproj", "{44DFE998-D440-45EB-9195-80F5FA1B3768}"
EndProject
Project("{9A19103F-16F7-4668-BE54-9A1E7A4F7556}") = "ExercicioMatriz", "ExercicioMatriz\ExercicioMatriz.csproj", "{52F0FC1F-471A-4BAE-AAA2-70E7302C4140}"
EndProject
Project("{9A19103F-16F7-4668-BE54-9A1E7A4F7556}") = "ExercicioEnumWorker", "ExercicioEnumWorker\ExercicioEnumWorker.csproj", "{14877030-D2BE-416C-94A8-EC4CC1DAB920}"
EndProject
Project("{9A19103F-16F7-4668-BE54-9A1E7A4F7556}") = "ExercicioCommentPost", "ExercicioCommentPost\ExercicioCommentPost.csproj", "{27D315C7-E56F-4088-9B45-BD5AD40A902D}"
EndProject
Project("{9A19103F-16F7-4668-BE54-9A1E7A4F7556}") = "ExercicioOrderStatus", "ExercicioOrderStatus\ExercicioOrderStatus.csproj", "{DF39EC19-9878-4469-B970-353830A10145}"
EndProject
Project("{9A19103F-16F7-4668-BE54-9A1E7A4F7556}") = "ExercicioHerancaEmployee", "ExercicioHerancaEmployee\ExercicioHerancaEmployee.csproj", "{748FD590-2736-4D93-A03D-EC8E3002CD78}"
EndProject
Project("{9A19103F-16F7-4668-BE54-9A1E7A4F7556}") = "ExercicioHerancaProduto", "ExercicioHerancaProduto\ExercicioHerancaProduto.csproj", "{2476E7E9-494F-40CA-BAB9-A90251C1088E}"
EndProject
Project("{9A19103F-16F7-4668-BE54-9A1E7A4F7556}") = "ExerciciosMetodosAbstratos", "ExerciciosMetodosAbstratos\ExerciciosMetodosAbstratos.csproj", "{21DBDD75-8AF9-4AC1-AFD5-3397744D9585}"
EndProject
Project("{9A19103F-16F7-4668-BE54-9A1E7A4F7556}") = "ExercicioReservationTratamentoExcecao", "ExercicioReservationTratamentoExcecao\ExercicioReservationTratamentoExcecao.csproj", "{7B615F43-FC42-4271-AB10-3F01BE429481}"
EndProject
Project("{9A19103F-16F7-4668-BE54-9A1E7A4F7556}") = "ExercicioTratamentoExcecoesContaBancaria", "ExercicioTratamentoExcecoesContaBancaria\ExercicioTratamentoExcecoesContaBancaria.csproj", "{9B501966-36C5-4A11-A95D-0C528F2EFA83}"
EndProject
Project("{9A19103F-16F7-4668-BE54-9A1E7A4F7556}") = "ExercicioSolucaoSemInterface", "ExercicioSolucaoSemInterface\ExercicioSolucaoSemInterface.csproj", "{64E65482-F2B3-4F97-BB0D-CBBD8D66F5C1}"
EndProject
Project("{9A19103F-16F7-4668-BE54-9A1E7A4F7556}") = "ExercicioSolucaoComInterface", "ExercicioSolucaoComInterface\ExercicioSolucaoComInterface.csproj", "{8BB87EF9-3B62-4FFB-8898-548B76F4911C}"
EndProject
Project("{9A19103F-16F7-4668-BE54-9A1E7A4F7556}") = "ExercicioInterfaceContratos", "ExercicioInterfaceContratos\ExercicioInterfaceContratos.csproj", "{7A220DAD-087F-45D0-9779-C728DD43631E}"
EndProject
Project("{9A19103F-16F7-4668-BE54-9A1E7A4F7556}") = "ExercicioSet", "ExercicioSet\ExercicioSet.csproj", "{11302918-CA43-465F-BA75-3DB0F8602CA7}"
EndProject
Project("{9A19103F-16F7-4668-BE54-9A1E7A4F7556}") = "ExercicioConjuntos", "ExercicioConjuntos\ExercicioConjuntos.csproj", "{EFFADFF7-6C6D-4FBF-995B-9540DDCE6EC8}"
EndProject
Project("{9A19103F-16F7-4668-BE54-9A1E7A4F7556}") = "ExercicioDicionario", "ExercicioDicionario\ExercicioDicionario.csproj", "{E9FC7D7F-0D44-45CE-A43C-F48611D42D70}"
EndProject
Project("{9A19103F-16F7-4668-BE54-9A1E7A4F7556}") = "ExerciciosLambdaDelegatesLinq", "ExerciciosLambdaDelegatesLinq\ExerciciosLambdaDelegatesLinq.csproj", "{C2F957DE-69FB-438A-AF24-833E967F752B}"
EndProject
Project("{9A19103F-16F7-4668-BE54-9A1E7A4F7556}") = "ExercicioConsultaExpressaoLambda", "ExercicioConsultaExpressãoLambda\ExercicioConsultaExpressaoLambda.csproj", "{EC7F2897-CF61-4665-B48E-5DE6125E8267}"
EndProject
Project("{FAE04EC0-301F-11D3-BF4B-00C04F79EFBC}") = "secao17-expressoesLambda-delegates-linq", "secao17-expressoesLambda-delegates-linq\secao17-expressoesLambda-delegates-linq.csproj", "{CFFD1911-3ED9-40AE-A0B8-99D32F7C4C2D}"
EndProject
Project("{FAE04EC0-301F-11D3-BF4B-00C04F79EFBC}") = "ExercicioLinqEmployee", "ExercicioLinqEmployee\ExercicioLinqEmployee.csproj", "{C3914F22-F9BD-4C46-9300-1B08D8207F09}"
EndProject
Global
	GlobalSection(SolutionConfigurationPlatforms) = preSolution
		Debug|Any CPU = Debug|Any CPU
		Release|Any CPU = Release|Any CPU
	EndGlobalSection
	GlobalSection(ProjectConfigurationPlatforms) = postSolution
		{D3F7A3AC-2440-415D-8B85-27FAC9ABCFF9}.Debug|Any CPU.ActiveCfg = Debug|Any CPU
		{D3F7A3AC-2440-415D-8B85-27FAC9ABCFF9}.Debug|Any CPU.Build.0 = Debug|Any CPU
		{D3F7A3AC-2440-415D-8B85-27FAC9ABCFF9}.Release|Any CPU.ActiveCfg = Release|Any CPU
		{D3F7A3AC-2440-415D-8B85-27FAC9ABCFF9}.Release|Any CPU.Build.0 = Release|Any CPU
		{F372E9C8-D03F-4DEB-B722-A03AADD989A9}.Debug|Any CPU.ActiveCfg = Debug|Any CPU
		{F372E9C8-D03F-4DEB-B722-A03AADD989A9}.Debug|Any CPU.Build.0 = Debug|Any CPU
		{F372E9C8-D03F-4DEB-B722-A03AADD989A9}.Release|Any CPU.ActiveCfg = Release|Any CPU
		{F372E9C8-D03F-4DEB-B722-A03AADD989A9}.Release|Any CPU.Build.0 = Release|Any CPU
		{9824B74E-CED1-4A9E-8E8E-C90EA8D76385}.Debug|Any CPU.ActiveCfg = Debug|Any CPU
		{9824B74E-CED1-4A9E-8E8E-C90EA8D76385}.Debug|Any CPU.Build.0 = Debug|Any CPU
		{9824B74E-CED1-4A9E-8E8E-C90EA8D76385}.Release|Any CPU.ActiveCfg = Release|Any CPU
		{9824B74E-CED1-4A9E-8E8E-C90EA8D76385}.Release|Any CPU.Build.0 = Release|Any CPU
		{78BE8D1F-1EE4-4DBB-9F4C-1C5B66D49989}.Debug|Any CPU.ActiveCfg = Debug|Any CPU
		{78BE8D1F-1EE4-4DBB-9F4C-1C5B66D49989}.Debug|Any CPU.Build.0 = Debug|Any CPU
		{78BE8D1F-1EE4-4DBB-9F4C-1C5B66D49989}.Release|Any CPU.ActiveCfg = Release|Any CPU
		{78BE8D1F-1EE4-4DBB-9F4C-1C5B66D49989}.Release|Any CPU.Build.0 = Release|Any CPU
		{44DFE998-D440-45EB-9195-80F5FA1B3768}.Debug|Any CPU.ActiveCfg = Debug|Any CPU
		{44DFE998-D440-45EB-9195-80F5FA1B3768}.Debug|Any CPU.Build.0 = Debug|Any CPU
		{44DFE998-D440-45EB-9195-80F5FA1B3768}.Release|Any CPU.ActiveCfg = Release|Any CPU
		{44DFE998-D440-45EB-9195-80F5FA1B3768}.Release|Any CPU.Build.0 = Release|Any CPU
		{52F0FC1F-471A-4BAE-AAA2-70E7302C4140}.Debug|Any CPU.ActiveCfg = Debug|Any CPU
		{52F0FC1F-471A-4BAE-AAA2-70E7302C4140}.Debug|Any CPU.Build.0 = Debug|Any CPU
		{52F0FC1F-471A-4BAE-AAA2-70E7302C4140}.Release|Any CPU.ActiveCfg = Release|Any CPU
		{52F0FC1F-471A-4BAE-AAA2-70E7302C4140}.Release|Any CPU.Build.0 = Release|Any CPU
		{14877030-D2BE-416C-94A8-EC4CC1DAB920}.Debug|Any CPU.ActiveCfg = Debug|Any CPU
		{14877030-D2BE-416C-94A8-EC4CC1DAB920}.Debug|Any CPU.Build.0 = Debug|Any CPU
		{14877030-D2BE-416C-94A8-EC4CC1DAB920}.Release|Any CPU.ActiveCfg = Release|Any CPU
		{14877030-D2BE-416C-94A8-EC4CC1DAB920}.Release|Any CPU.Build.0 = Release|Any CPU
		{27D315C7-E56F-4088-9B45-BD5AD40A902D}.Debug|Any CPU.ActiveCfg = Debug|Any CPU
		{27D315C7-E56F-4088-9B45-BD5AD40A902D}.Debug|Any CPU.Build.0 = Debug|Any CPU
		{27D315C7-E56F-4088-9B45-BD5AD40A902D}.Release|Any CPU.ActiveCfg = Release|Any CPU
		{27D315C7-E56F-4088-9B45-BD5AD40A902D}.Release|Any CPU.Build.0 = Release|Any CPU
		{DF39EC19-9878-4469-B970-353830A10145}.Debug|Any CPU.ActiveCfg = Debug|Any CPU
		{DF39EC19-9878-4469-B970-353830A10145}.Debug|Any CPU.Build.0 = Debug|Any CPU
		{DF39EC19-9878-4469-B970-353830A10145}.Release|Any CPU.ActiveCfg = Release|Any CPU
		{DF39EC19-9878-4469-B970-353830A10145}.Release|Any CPU.Build.0 = Release|Any CPU
		{748FD590-2736-4D93-A03D-EC8E3002CD78}.Debug|Any CPU.ActiveCfg = Debug|Any CPU
		{748FD590-2736-4D93-A03D-EC8E3002CD78}.Debug|Any CPU.Build.0 = Debug|Any CPU
		{748FD590-2736-4D93-A03D-EC8E3002CD78}.Release|Any CPU.ActiveCfg = Release|Any CPU
		{748FD590-2736-4D93-A03D-EC8E3002CD78}.Release|Any CPU.Build.0 = Release|Any CPU
		{2476E7E9-494F-40CA-BAB9-A90251C1088E}.Debug|Any CPU.ActiveCfg = Debug|Any CPU
		{2476E7E9-494F-40CA-BAB9-A90251C1088E}.Debug|Any CPU.Build.0 = Debug|Any CPU
		{2476E7E9-494F-40CA-BAB9-A90251C1088E}.Release|Any CPU.ActiveCfg = Release|Any CPU
		{2476E7E9-494F-40CA-BAB9-A90251C1088E}.Release|Any CPU.Build.0 = Release|Any CPU
		{21DBDD75-8AF9-4AC1-AFD5-3397744D9585}.Debug|Any CPU.ActiveCfg = Debug|Any CPU
		{21DBDD75-8AF9-4AC1-AFD5-3397744D9585}.Debug|Any CPU.Build.0 = Debug|Any CPU
		{21DBDD75-8AF9-4AC1-AFD5-3397744D9585}.Release|Any CPU.ActiveCfg = Release|Any CPU
		{21DBDD75-8AF9-4AC1-AFD5-3397744D9585}.Release|Any CPU.Build.0 = Release|Any CPU
		{7B615F43-FC42-4271-AB10-3F01BE429481}.Debug|Any CPU.ActiveCfg = Debug|Any CPU
		{7B615F43-FC42-4271-AB10-3F01BE429481}.Debug|Any CPU.Build.0 = Debug|Any CPU
		{7B615F43-FC42-4271-AB10-3F01BE429481}.Release|Any CPU.ActiveCfg = Release|Any CPU
		{7B615F43-FC42-4271-AB10-3F01BE429481}.Release|Any CPU.Build.0 = Release|Any CPU
		{9B501966-36C5-4A11-A95D-0C528F2EFA83}.Debug|Any CPU.ActiveCfg = Debug|Any CPU
		{9B501966-36C5-4A11-A95D-0C528F2EFA83}.Debug|Any CPU.Build.0 = Debug|Any CPU
		{9B501966-36C5-4A11-A95D-0C528F2EFA83}.Release|Any CPU.ActiveCfg = Release|Any CPU
		{9B501966-36C5-4A11-A95D-0C528F2EFA83}.Release|Any CPU.Build.0 = Release|Any CPU
		{64E65482-F2B3-4F97-BB0D-CBBD8D66F5C1}.Debug|Any CPU.ActiveCfg = Debug|Any CPU
		{64E65482-F2B3-4F97-BB0D-CBBD8D66F5C1}.Debug|Any CPU.Build.0 = Debug|Any CPU
		{64E65482-F2B3-4F97-BB0D-CBBD8D66F5C1}.Release|Any CPU.ActiveCfg = Release|Any CPU
		{64E65482-F2B3-4F97-BB0D-CBBD8D66F5C1}.Release|Any CPU.Build.0 = Release|Any CPU
		{8BB87EF9-3B62-4FFB-8898-548B76F4911C}.Debug|Any CPU.ActiveCfg = Debug|Any CPU
		{8BB87EF9-3B62-4FFB-8898-548B76F4911C}.Debug|Any CPU.Build.0 = Debug|Any CPU
		{8BB87EF9-3B62-4FFB-8898-548B76F4911C}.Release|Any CPU.ActiveCfg = Release|Any CPU
		{8BB87EF9-3B62-4FFB-8898-548B76F4911C}.Release|Any CPU.Build.0 = Release|Any CPU
		{7A220DAD-087F-45D0-9779-C728DD43631E}.Debug|Any CPU.ActiveCfg = Debug|Any CPU
		{7A220DAD-087F-45D0-9779-C728DD43631E}.Debug|Any CPU.Build.0 = Debug|Any CPU
		{7A220DAD-087F-45D0-9779-C728DD43631E}.Release|Any CPU.ActiveCfg = Release|Any CPU
		{7A220DAD-087F-45D0-9779-C728DD43631E}.Release|Any CPU.Build.0 = Release|Any CPU
		{11302918-CA43-465F-BA75-3DB0F8602CA7}.Debug|Any CPU.ActiveCfg = Debug|Any CPU
		{11302918-CA43-465F-BA75-3DB0F8602CA7}.Debug|Any CPU.Build.0 = Debug|Any CPU
		{11302918-CA43-465F-BA75-3DB0F8602CA7}.Release|Any CPU.ActiveCfg = Release|Any CPU
		{11302918-CA43-465F-BA75-3DB0F8602CA7}.Release|Any CPU.Build.0 = Release|Any CPU
		{EFFADFF7-6C6D-4FBF-995B-9540DDCE6EC8}.Debug|Any CPU.ActiveCfg = Debug|Any CPU
		{EFFADFF7-6C6D-4FBF-995B-9540DDCE6EC8}.Debug|Any CPU.Build.0 = Debug|Any CPU
		{EFFADFF7-6C6D-4FBF-995B-9540DDCE6EC8}.Release|Any CPU.ActiveCfg = Release|Any CPU
		{EFFADFF7-6C6D-4FBF-995B-9540DDCE6EC8}.Release|Any CPU.Build.0 = Release|Any CPU
		{E9FC7D7F-0D44-45CE-A43C-F48611D42D70}.Debug|Any CPU.ActiveCfg = Debug|Any CPU
		{E9FC7D7F-0D44-45CE-A43C-F48611D42D70}.Debug|Any CPU.Build.0 = Debug|Any CPU
		{E9FC7D7F-0D44-45CE-A43C-F48611D42D70}.Release|Any CPU.ActiveCfg = Release|Any CPU
		{E9FC7D7F-0D44-45CE-A43C-F48611D42D70}.Release|Any CPU.Build.0 = Release|Any CPU
		{C2F957DE-69FB-438A-AF24-833E967F752B}.Debug|Any CPU.ActiveCfg = Debug|Any CPU
		{C2F957DE-69FB-438A-AF24-833E967F752B}.Debug|Any CPU.Build.0 = Debug|Any CPU
		{C2F957DE-69FB-438A-AF24-833E967F752B}.Release|Any CPU.ActiveCfg = Release|Any CPU
		{C2F957DE-69FB-438A-AF24-833E967F752B}.Release|Any CPU.Build.0 = Release|Any CPU
		{EC7F2897-CF61-4665-B48E-5DE6125E8267}.Debug|Any CPU.ActiveCfg = Debug|Any CPU
		{EC7F2897-CF61-4665-B48E-5DE6125E8267}.Debug|Any CPU.Build.0 = Debug|Any CPU
		{EC7F2897-CF61-4665-B48E-5DE6125E8267}.Release|Any CPU.ActiveCfg = Release|Any CPU
		{EC7F2897-CF61-4665-B48E-5DE6125E8267}.Release|Any CPU.Build.0 = Release|Any CPU
		{CFFD1911-3ED9-40AE-A0B8-99D32F7C4C2D}.Debug|Any CPU.ActiveCfg = Debug|Any CPU
		{CFFD1911-3ED9-40AE-A0B8-99D32F7C4C2D}.Debug|Any CPU.Build.0 = Debug|Any CPU
		{CFFD1911-3ED9-40AE-A0B8-99D32F7C4C2D}.Release|Any CPU.ActiveCfg = Release|Any CPU
		{CFFD1911-3ED9-40AE-A0B8-99D32F7C4C2D}.Release|Any CPU.Build.0 = Release|Any CPU
		{C3914F22-F9BD-4C46-9300-1B08D8207F09}.Debug|Any CPU.ActiveCfg = Debug|Any CPU
		{C3914F22-F9BD-4C46-9300-1B08D8207F09}.Debug|Any CPU.Build.0 = Debug|Any CPU
		{C3914F22-F9BD-4C46-9300-1B08D8207F09}.Release|Any CPU.ActiveCfg = Release|Any CPU
		{C3914F22-F9BD-4C46-9300-1B08D8207F09}.Release|Any CPU.Build.0 = Release|Any CPU
	EndGlobalSection
	GlobalSection(SolutionProperties) = preSolution
		HideSolutionNode = FALSE
	EndGlobalSection
	GlobalSection(ExtensibilityGlobals) = postSolution
		SolutionGuid = {52F3F3AB-FB96-417D-8B91-4E3F8F9D429D}
	EndGlobalSection
EndGlobal
